
Microsoft Visual Studio Solution File, Format Version 12.00
# Visual Studio 15
VisualStudioVersion = 15.0.27703.2000
MinimumVisualStudioVersion = 10.0.40219.1
Project("{FAE04EC0-301F-11D3-BF4B-00C04F79EFBC}") = "证书管理", "证书管理\证书管理.csproj", "{305C3E04-3C71-4476-8369-4742E9B8CD40}"
EndProject
Project("{FAE04EC0-301F-11D3-BF4B-00C04F79EFBC}") = "PdfComponent.Lib", "PdfComponent.Lib\PdfComponent.Lib.csproj", "{350BDC4C-E9A8-40EA-BB10-5177DF48299F}"
EndProject
Project("{FAE04EC0-301F-11D3-BF4B-00C04F79EFBC}") = "OpenCvHelp", "OpenCvHelp\OpenCvHelp.csproj", "{652C370E-1919-4BC1-B09F-2CECB9E66583}"
EndProject
Project("{FAE04EC0-301F-11D3-BF4B-00C04F79EFBC}") = "TesseractHelp", "TesseractHelp\TesseractHelp.csproj", "{28B28B8D-633D-43E5-B8F7-78121E8EEAAB}"
EndProject
Project("{FAE04EC0-301F-11D3-BF4B-00C04F79EFBC}") = "TesseractNet", "TesseractNet\TesseractNet.csproj", "{89D0B33B-CC7C-4CF7-8112-049697A1EABE}"
EndProject
Global
	GlobalSection(SolutionConfigurationPlatforms) = preSolution
		Debug|Any CPU = Debug|Any CPU
		Release|Any CPU = Release|Any CPU
	EndGlobalSection
	GlobalSection(ProjectConfigurationPlatforms) = postSolution
		{305C3E04-3C71-4476-8369-4742E9B8CD40}.Debug|Any CPU.ActiveCfg = Debug|Any CPU
		{305C3E04-3C71-4476-8369-4742E9B8CD40}.Debug|Any CPU.Build.0 = Debug|Any CPU
		{305C3E04-3C71-4476-8369-4742E9B8CD40}.Release|Any CPU.ActiveCfg = Release|Any CPU
		{305C3E04-3C71-4476-8369-4742E9B8CD40}.Release|Any CPU.Build.0 = Release|Any CPU
		{350BDC4C-E9A8-40EA-BB10-5177DF48299F}.Debug|Any CPU.ActiveCfg = Debug|Any CPU
		{350BDC4C-E9A8-40EA-BB10-5177DF48299F}.Debug|Any CPU.Build.0 = Debug|Any CPU
		{350BDC4C-E9A8-40EA-BB10-5177DF48299F}.Release|Any CPU.ActiveCfg = Release|Any CPU
		{350BDC4C-E9A8-40EA-BB10-5177DF48299F}.Release|Any CPU.Build.0 = Release|Any CPU
		{652C370E-1919-4BC1-B09F-2CECB9E66583}.Debug|Any CPU.ActiveCfg = Debug|Any CPU
		{652C370E-1919-4BC1-B09F-2CECB9E66583}.Debug|Any CPU.Build.0 = Debug|Any CPU
		{652C370E-1919-4BC1-B09F-2CECB9E66583}.Release|Any CPU.ActiveCfg = Release|Any CPU
		{652C370E-1919-4BC1-B09F-2CECB9E66583}.Release|Any CPU.Build.0 = Release|Any CPU
		{28B28B8D-633D-43E5-B8F7-78121E8EEAAB}.Debug|Any CPU.ActiveCfg = Debug|Any CPU
		{28B28B8D-633D-43E5-B8F7-78121E8EEAAB}.Debug|Any CPU.Build.0 = Debug|Any CPU
		{28B28B8D-633D-43E5-B8F7-78121E8EEAAB}.Release|Any CPU.ActiveCfg = Release|Any CPU
		{28B28B8D-633D-43E5-B8F7-78121E8EEAAB}.Release|Any CPU.Build.0 = Release|Any CPU
		{89D0B33B-CC7C-4CF7-8112-049697A1EABE}.Debug|Any CPU.ActiveCfg = Debug|Any CPU
		{89D0B33B-CC7C-4CF7-8112-049697A1EABE}.Debug|Any CPU.Build.0 = Debug|Any CPU
		{89D0B33B-CC7C-4CF7-8112-049697A1EABE}.Release|Any CPU.ActiveCfg = Release|Any CPU
		{89D0B33B-CC7C-4CF7-8112-049697A1EABE}.Release|Any CPU.Build.0 = Release|Any CPU
	EndGlobalSection
	GlobalSection(SolutionProperties) = preSolution
		HideSolutionNode = FALSE
	EndGlobalSection
	GlobalSection(ExtensibilityGlobals) = postSolution
		SolutionGuid = {9509D737-F9C2-4017-88D7-575B06C94B57}
	EndGlobalSection
EndGlobal
